{
  "name": "com-junkawasaki",
  "lockfileVersion": 3,
  "requires": true,
  "packages": {
    "": {
      "dependencies": {
        "@noble/curves": "^2.4.0",
        "datascript": "^1.7.8"
      },
      "devDependencies": {
        "nbb": "1.4.208",
        "playwright": "^1.59.0"
      }
    },
    "node_modules/@noble/curves": {
      "version": "2.4.0",
      "resolved": "https://registry.npmjs.org/@noble/curves/-/curves-2.4.0.tgz",
      "integrity": "sha512-P4/62zrgfH33CneE3Dn4WhJVA22YUU0eR51wKIan4NVRvwsA0YnPTwWGpNbpuacSujmSFLvyzpyuR30+fbq2Ew==",
      "license": "MIT",
      "dependencies": {
        "@noble/hashes": "2.4.0"
      },
      "engines": {
        "node": ">= 20.19.0"
      },
      "funding": {
        "url": "https://paulmillr.com/funding/"
      }
    },
    "node_modules/@noble/hashes": {
      "version": "2.4.0",
      "resolved": "https://registry.npmjs.org/@noble/hashes/-/hashes-2.4.0.tgz",
      "integrity": "sha512-X5XaVWZIBCT7HHZGm5I7ZQXDwLG+bGXuSrMQAW+7Zvl87h1kmc1ZB1VSRJcpUfoUrGQp4Fkoxm5kZ+Ms+aW+eA==",
      "license": "MIT",
      "engines": {
        "node": ">= 20.19.0"
      },
      "funding": {
        "url": "https://paulmillr.com/funding/"
      }
    },
    "node_modules/datascript": {
      "version": "1.7.8",
      "resolved": "https://registry.npmjs.org/datascript/-/datascript-1.7.8.tgz",
      "integrity": "sha512-PFJNAbcUgVxkLGXBbvkEqTAvcRWCLuw/PibWuLuwaZhXAgI5xx7p9l9FHHFCqKoDODenzhfLKuQJ8987ShsNqg==",
      "engines": {
        "node": ">=0.8.22"
      }
    },
    "node_modules/fsevents": {
      "version": "2.3.2",
      "resolved": "https://registry.npmjs.org/fsevents/-/fsevents-2.3.2.tgz",
      "integrity": "sha512-xiqMQR4xAeHTuB9uWm+fFRcIOgKBMiOBP+eXiyT7jsgVCq1bkVygt00oASowB7EdtpOHaaPgKt812P9ab+DDKA==",
      "dev": true,
      "hasInstallScript": true,
      "license": "MIT",
      "optional": true,
      "os": [
        "darwin"
      ],
      "engines": {
        "node": "^8.16.0 || ^10.6.0 || >=11.0.0"
      }
    },
    "node_modules/import-meta-resolve": {
      "version": "4.2.0",
      "resolved": "https://registry.npmjs.org/import-meta-resolve/-/import-meta-resolve-4.2.0.tgz",
      "integrity": "sha512-Iqv2fzaTQN28s/FwZAoFq0ZSs/7hMAHJVX+w8PZl3cY19Pxk6jFFalxQoIfW2826i/fDLXv8IiEZRIT0lDuWcg==",
      "dev": true,
      "license": "MIT",
      "funding": {
        "type": "github",
        "url": "https://github.com/sponsors/wooorm"
      }
    },
    "node_modules/nbb": {
      "version": "1.4.208",
      "resolved": "https://registry.npmjs.org/nbb/-/nbb-1.4.208.tgz",
      "integrity": "sha512-SvkQfK+wKKy10F7c4llVX/+ys0sKEHeFwLPIA3UFrD3LBjLKbkUv7huQcHviZ1rEZ/qffTHp9u2OioyekqVgOA==",
      "dev": true,
      "license": "EPL-1.0",
      "dependencies": {
        "import-meta-resolve": "^4.1.0"
      },
      "bin": {
        "nbb": "cli.js",
        "nbbun": "nbbun.js"
      }
    },
    "node_modules/playwright": {
      "version": "1.59.0",
      "resolved": "https://registry.npmjs.org/playwright/-/playwright-1.59.0.tgz",
      "integrity": "sha512-wihGScriusvATUxmhfENxg0tj1vHEFeIwxlnPFKQTOQVd7aG08mUfvvniRP/PtQOC+2Bs52kBOC/Up1jTXeIbw==",
      "dev": true,
      "license": "Apache-2.0",
      "dependencies": {
        "playwright-core": "1.59.0"
      },
      "bin": {
        "playwright": "cli.js"
      },
      "engines": {
        "node": ">=18"
      },
      "optionalDependencies": {
        "fsevents": "2.3.2"
      }
    },
    "node_modules/playwright-core": {
      "version": "1.59.0",
      "resolved": "https://registry.npmjs.org/playwright-core/-/playwright-core-1.59.0.tgz",
      "integrity": "sha512-PW/X/IoZ6BMUUy8rpwHEZ8Kc0IiLIkgKYGNFaMs5KmQhcfLILNx9yCQD0rnWeWfz1PNeqcFP1BsihQhDOBCwZw==",
      "dev": true,
      "license": "Apache-2.0",
      "bin": {
        "playwright-core": "cli.js"
      },
      "engines": {
        "node": ">=18"
      }
    }
  }
}
