# This file is automatically @generated by Cargo.
# It is not intended for manual editing.
version = 4

[[package]]
name = "gen-cli"
version = "0.1.0"

[[package]]
name = "gen-compiler"
version = "0.1.0"

[[package]]
name = "gen-core"
version = "0.1.0"

[[package]]
name = "gen-parser"
version = "0.1.0"
