{
  "name": "kotoba-editor",
  "lockfileVersion": 3,
  "requires": true,
  "packages": {
    "": {
      "name": "kotoba-editor",
      "devDependencies": {
        "pnpm": "latest",
        "typescript": "^5.0.0"
      }
    },
    "node_modules/pnpm": {
      "version": "10.13.1",
      "resolved": "https://registry.npmjs.org/pnpm/-/pnpm-10.13.1.tgz",
      "integrity": "sha512-N+vxpcejDV+r4MXfRO6NpMllygxa89urKMOhaBtwolYhjQXIHJwNz3Z+9rhVHrW5YAQrntQwDFkkIzY3fgHPrQ==",
      "dev": true,
      "license": "MIT",
      "bin": {
        "pnpm": "bin/pnpm.cjs",
        "pnpx": "bin/pnpx.cjs"
      },
      "engines": {
        "node": ">=18.12"
      },
      "funding": {
        "url": "https://opencollective.com/pnpm"
      }
    },
    "node_modules/typescript": {
      "version": "5.8.3",
      "resolved": "https://registry.npmjs.org/typescript/-/typescript-5.8.3.tgz",
      "integrity": "sha512-p1diW6TqL9L07nNxvRMM7hMMw4c5XOo/1ibL4aAIGmSAt9slTE1Xgw5KWuof2uTOvCg9BY7ZRi+GaF+7sfgPeQ==",
      "dev": true,
      "license": "Apache-2.0",
      "bin": {
        "tsc": "bin/tsc",
        "tsserver": "bin/tsserver"
      },
      "engines": {
        "node": ">=14.17"
      }
    }
  }
}
